{
  "lockfile_version": "1",
  "packages": {
    "_1password@latest": {
      "last_modified": "2024-10-26T22:05:23Z",
      "resolved": "github:NixOS/nixpkgs/86e78d3d2084ff87688da662cf78c2af085d8e73#_1password",
      "source": "devbox-search",
      "version": "2.30.0",
      "systems": {
        "aarch64-darwin": {
          "outputs": [
            {
              "name": "out",
              "path": "/nix/store/mmrryhcr5v1addp6xwwdyk3mj9a2dnff-1password-cli-2.30.0",
              "default": true
            }
          ],
          "store_path": "/nix/store/mmrryhcr5v1addp6xwwdyk3mj9a2dnff-1password-cli-2.30.0"
        },
        "aarch64-linux": {
          "outputs": [
            {
              "name": "out",
              "path": "/nix/store/b6m30bgb4vfd573zxn4iwl7ziv8zf0f4-1password-cli-2.30.0",
              "default": true
            }
          ],
          "store_path": "/nix/store/b6m30bgb4vfd573zxn4iwl7ziv8zf0f4-1password-cli-2.30.0"
        },
        "x86_64-darwin": {
          "outputs": [
            {
              "name": "out",
              "path": "/nix/store/8w5afy7pjciq84mxa6gjplrjnak8qaij-1password-cli-2.30.0",
              "default": true
            }
          ],
          "store_path": "/nix/store/8w5afy7pjciq84mxa6gjplrjnak8qaij-1password-cli-2.30.0"
        },
        "x86_64-linux": {
          "outputs": [
            {
              "name": "out",
              "path": "/nix/store/r7n8qm9ws7xh9vzqd8zp9cswmcp071y8-1password-cli-2.30.0",
              "default": true
            }
          ],
          "store_path": "/nix/store/r7n8qm9ws7xh9vzqd8zp9cswmcp071y8-1password-cli-2.30.0"
        }
      }
    },
    "fluxcd@latest": {
      "last_modified": "2026-02-23T15:40:43Z",
      "resolved": "github:NixOS/nixpkgs/80d901ec0377e19ac3f7bb8c035201e2e098cc97#fluxcd",
      "source": "devbox-search",
      "version": "2.7.5",
      "systems": {
        "aarch64-darwin": {
          "outputs": [
            {
              "name": "out",
              "path": "/nix/store/aa2x4wkp9xah2ak7i1hp1c5whr5i7ba6-fluxcd-2.7.5",
              "default": true
            }
          ],
          "store_path": "/nix/store/aa2x4wkp9xah2ak7i1hp1c5whr5i7ba6-fluxcd-2.7.5"
        },
        "aarch64-linux": {
          "outputs": [
            {
              "name": "out",
              "path": "/nix/store/2scx134ly9lmflanzsci6qrw08hpi1li-fluxcd-2.7.5",
              "default": true
            }
          ],
          "store_path": "/nix/store/2scx134ly9lmflanzsci6qrw08hpi1li-fluxcd-2.7.5"
        },
        "x86_64-darwin": {
          "outputs": [
            {
              "name": "out",
              "path": "/nix/store/l4jkvyjnca4ihpkxkqkjbkf3fdf2fkhy-fluxcd-2.7.5",
              "default": true
            }
          ],
          "store_path": "/nix/store/l4jkvyjnca4ihpkxkqkjbkf3fdf2fkhy-fluxcd-2.7.5"
        },
        "x86_64-linux": {
          "outputs": [
            {
              "name": "out",
              "path": "/nix/store/r0alqjbxkqkpbapw3lqcgz3hcdzs441l-fluxcd-2.7.5",
              "default": true
            }
          ],
          "store_path": "/nix/store/r0alqjbxkqkpbapw3lqcgz3hcdzs441l-fluxcd-2.7.5"
        }
      }
    },
    "gh@latest": {
      "last_modified": "2026-02-26T05:06:13Z",
      "resolved": "github:NixOS/nixpkgs/26eaeac4e409d7b5a6bf6f90a2a2dc223c78d915#gh",
      "source": "devbox-search",
      "version": "2.87.3",
      "systems": {
        "aarch64-darwin": {
          "outputs": [
            {
              "name": "out",
              "path": "/nix/store/gkpngbiz6fys2nsxgxcd454j4ph78wxb-gh-2.87.3",
              "default": true
            }
          ],
          "store_path": "/nix/store/gkpngbiz6fys2nsxgxcd454j4ph78wxb-gh-2.87.3"
        },
        "aarch64-linux": {
          "outputs": [
            {
              "name": "out",
              "path": "/nix/store/arwzxdy2ba1p4ak0b55ln1a5xvxdws4c-gh-2.87.3",
              "default": true
            }
          ],
          "store_path": "/nix/store/arwzxdy2ba1p4ak0b55ln1a5xvxdws4c-gh-2.87.3"
        },
        "x86_64-darwin": {
          "outputs": [
            {
              "name": "out",
              "path": "/nix/store/b7cbk3r89jy5xgcvyd5nf087bbyljl9v-gh-2.87.3",
              "default": true
            }
          ],
          "store_path": "/nix/store/b7cbk3r89jy5xgcvyd5nf087bbyljl9v-gh-2.87.3"
        },
        "x86_64-linux": {
          "outputs": [
            {
              "name": "out",
              "path": "/nix/store/x0nqj95k7dbxw4d1vvsckqgl6lhmxhf1-gh-2.87.3",
              "default": true
            }
          ],
          "store_path": "/nix/store/x0nqj95k7dbxw4d1vvsckqgl6lhmxhf1-gh-2.87.3"
        }
      }
    },
    "git@latest": {
      "last_modified": "2026-03-03T16:23:08Z",
      "resolved": "github:NixOS/nixpkgs/87f6b6e02cb3f87a1be4f939326c94c8af9d55d8#git",
      "source": "devbox-search",
      "version": "2.53.0",
      "systems": {
        "aarch64-darwin": {
          "outputs": [
            {
              "name": "out",
              "path": "/nix/store/rfbzyqcygzpyh5ncb79n07x8bhws2pq3-git-2.53.0",
              "default": true
            },
            {
              "name": "doc",
              "path": "/nix/store/lgbyzfz2j1j7g47331i5684765akl38m-git-2.53.0-doc"
            }
          ],
          "store_path": "/nix/store/rfbzyqcygzpyh5ncb79n07x8bhws2pq3-git-2.53.0"
        },
        "aarch64-linux": {
          "outputs": [
            {
              "name": "out",
              "path": "/nix/store/xz8bzpl5fz92bkhcdmf4g45znvvzcakd-git-2.53.0",
              "default": true
            },
            {
              "name": "debug",
              "path": "/nix/store/xr7sgggqixdji66nhax03lwmk25ms7af-git-2.53.0-debug"
            },
            {
              "name": "doc",
              "path": "/nix/store/lspm2ph3iad5y9irmh2wms6bm3nhhy76-git-2.53.0-doc"
            }
          ],
          "store_path": "/nix/store/xz8bzpl5fz92bkhcdmf4g45znvvzcakd-git-2.53.0"
        },
        "x86_64-darwin": {
          "outputs": [
            {
              "name": "out",
              "path": "/nix/store/bmddbpv896f9rgnm0835434qjiqh1psc-git-2.53.0",
              "default": true
            },
            {
              "name": "doc",
              "path": "/nix/store/0wx1wdjy7imyv7cp6p6m2l17ycq7n3q4-git-2.53.0-doc"
            }
          ],
          "store_path": "/nix/store/bmddbpv896f9rgnm0835434qjiqh1psc-git-2.53.0"
        },
        "x86_64-linux": {
          "outputs": [
            {
              "name": "out",
              "path": "/nix/store/8x49w8i0vafv34rlc6h4a0f7z0z2qpb5-git-2.53.0",
              "default": true
            },
            {
              "name": "debug",
              "path": "/nix/store/i9fi7yqx2z2dryn80w5pr4b1v4nmyida-git-2.53.0-debug"
            },
            {
              "name": "doc",
              "path": "/nix/store/frqc9w8q0dxsg7b8w3j0cv1lb9bd6xww-git-2.53.0-doc"
            }
          ],
          "store_path": "/nix/store/8x49w8i0vafv34rlc6h4a0f7z0z2qpb5-git-2.53.0"
        }
      }
    },
    "github:NixOS/nixpkgs/nixpkgs-unstable": {
      "last_modified": "2026-03-08T08:02:12Z",
      "resolved": "github:NixOS/nixpkgs/608d0cadfed240589a7eea422407a547ad626a14?lastModified=1772956932&narHash=sha256-M0yS4AafhKxPPmOHGqIV0iKxgNO8bHDWdl1kOwGBwRY%3D"
    },
    "k9s@latest": {
      "last_modified": "2026-02-23T15:40:43Z",
      "resolved": "github:NixOS/nixpkgs/80d901ec0377e19ac3f7bb8c035201e2e098cc97#k9s",
      "source": "devbox-search",
      "version": "0.50.18",
      "systems": {
        "aarch64-darwin": {
          "outputs": [
            {
              "name": "out",
              "path": "/nix/store/srwy9nk8jmv9197czb3xaj3aqjzvdzag-k9s-0.50.18",
              "default": true
            }
          ],
          "store_path": "/nix/store/srwy9nk8jmv9197czb3xaj3aqjzvdzag-k9s-0.50.18"
        },
        "aarch64-linux": {
          "outputs": [
            {
              "name": "out",
              "path": "/nix/store/6a6dig68k1q9n9rfay8cf3a0m7v1aqln-k9s-0.50.18",
              "default": true
            }
          ],
          "store_path": "/nix/store/6a6dig68k1q9n9rfay8cf3a0m7v1aqln-k9s-0.50.18"
        },
        "x86_64-darwin": {
          "outputs": [
            {
              "name": "out",
              "path": "/nix/store/n7ajxl2nq0jjxkxnj2s3gslibrkcq2hf-k9s-0.50.18",
              "default": true
            }
          ],
          "store_path": "/nix/store/n7ajxl2nq0jjxkxnj2s3gslibrkcq2hf-k9s-0.50.18"
        },
        "x86_64-linux": {
          "outputs": [
            {
              "name": "out",
              "path": "/nix/store/yn6znqp1sbpn4k7k6spj8mi04gy0ci6j-k9s-0.50.18",
              "default": true
            }
          ],
          "store_path": "/nix/store/yn6znqp1sbpn4k7k6spj8mi04gy0ci6j-k9s-0.50.18"
        }
      }
    },
    "kind@latest": {
      "last_modified": "2026-02-23T15:40:43Z",
      "resolved": "github:NixOS/nixpkgs/80d901ec0377e19ac3f7bb8c035201e2e098cc97#kind",
      "source": "devbox-search",
      "version": "0.31.0",
      "systems": {
        "aarch64-darwin": {
          "outputs": [
            {
              "name": "out",
              "path": "/nix/store/rda19grlrih0ks0mxzhzy4sqh83mb0x4-kind-0.31.0",
              "default": true
            }
          ],
          "store_path": "/nix/store/rda19grlrih0ks0mxzhzy4sqh83mb0x4-kind-0.31.0"
        },
        "aarch64-linux": {
          "outputs": [
            {
              "name": "out",
              "path": "/nix/store/kfx7g36zfqdynlj9hsaxvbswyh0k35yr-kind-0.31.0",
              "default": true
            }
          ],
          "store_path": "/nix/store/kfx7g36zfqdynlj9hsaxvbswyh0k35yr-kind-0.31.0"
        },
        "x86_64-darwin": {
          "outputs": [
            {
              "name": "out",
              "path": "/nix/store/c2nw6gz2w240crs0afab0braazmaagjk-kind-0.31.0",
              "default": true
            }
          ],
          "store_path": "/nix/store/c2nw6gz2w240crs0afab0braazmaagjk-kind-0.31.0"
        },
        "x86_64-linux": {
          "outputs": [
            {
              "name": "out",
              "path": "/nix/store/j7xm61bjdrampp2bmw3zsbj896zllhgf-kind-0.31.0",
              "default": true
            }
          ],
          "store_path": "/nix/store/j7xm61bjdrampp2bmw3zsbj896zllhgf-kind-0.31.0"
        }
      }
    },
    "kubectl@latest": {
      "last_modified": "2026-02-23T15:40:43Z",
      "resolved": "github:NixOS/nixpkgs/80d901ec0377e19ac3f7bb8c035201e2e098cc97#kubectl",
      "source": "devbox-search",
      "version": "1.35.0",
      "systems": {
        "aarch64-darwin": {
          "outputs": [
            {
              "name": "out",
              "path": "/nix/store/vc9x3pbgiayy7404pizw2597ckxbx5iv-kubectl-1.35.0",
              "default": true
            },
            {
              "name": "man",
              "path": "/nix/store/kkw3fydnm0j5623by42z87z88x65j3da-kubectl-1.35.0-man",
              "default": true
            },
            {
              "name": "convert",
              "path": "/nix/store/z7sjfxgi8hfxp2lhnmsc8cxrivq47388-kubectl-1.35.0-convert"
            }
          ],
          "store_path": "/nix/store/vc9x3pbgiayy7404pizw2597ckxbx5iv-kubectl-1.35.0"
        },
        "aarch64-linux": {
          "outputs": [
            {
              "name": "out",
              "path": "/nix/store/dwv1pr9ammi7nvg2wrh8i1b1pc4s1kdc-kubectl-1.35.0",
              "default": true
            },
            {
              "name": "man",
              "path": "/nix/store/5xpp0xycjgp6a4j4m0p3imfx60nm8qk1-kubectl-1.35.0-man",
              "default": true
            },
            {
              "name": "convert",
              "path": "/nix/store/z9sdg7h4g18pjxsammdn8v99mxfiwanq-kubectl-1.35.0-convert"
            }
          ],
          "store_path": "/nix/store/dwv1pr9ammi7nvg2wrh8i1b1pc4s1kdc-kubectl-1.35.0"
        },
        "x86_64-darwin": {
          "outputs": [
            {
              "name": "out",
              "path": "/nix/store/aspny4z58b3ggw0v4dayngrxjgqhfkwh-kubectl-1.35.0",
              "default": true
            },
            {
              "name": "man",
              "path": "/nix/store/39lj9l9nr6q1il6x3gwvrxbncawkjicf-kubectl-1.35.0-man",
              "default": true
            },
            {
              "name": "convert",
              "path": "/nix/store/8nfmr74j1ls3parfa3l6zglfgmzm7a99-kubectl-1.35.0-convert"
            }
          ],
          "store_path": "/nix/store/aspny4z58b3ggw0v4dayngrxjgqhfkwh-kubectl-1.35.0"
        },
        "x86_64-linux": {
          "outputs": [
            {
              "name": "out",
              "path": "/nix/store/36ji0srf1rf0fhk27410g3i0njwqrfb3-kubectl-1.35.0",
              "default": true
            },
            {
              "name": "man",
              "path": "/nix/store/11329ky5q3yd8h6b2f6dilhxd93lp6a9-kubectl-1.35.0-man",
              "default": true
            },
            {
              "name": "convert",
              "path": "/nix/store/lzbrmcxx8zwjyi3k18f5jdv8axrgcyz8-kubectl-1.35.0-convert"
            }
          ],
          "store_path": "/nix/store/36ji0srf1rf0fhk27410g3i0njwqrfb3-kubectl-1.35.0"
        }
      }
    },
    "kubelogin-oidc@latest": {
      "last_modified": "2026-02-23T15:40:43Z",
      "resolved": "github:NixOS/nixpkgs/80d901ec0377e19ac3f7bb8c035201e2e098cc97#kubelogin-oidc",
      "source": "devbox-search",
      "version": "1.35.2",
      "systems": {
        "aarch64-darwin": {
          "outputs": [
            {
              "name": "out",
              "path": "/nix/store/ldfwrs2fbb9hg5fka1j0ahh5cry30143-kubelogin-1.35.2",
              "default": true
            }
          ],
          "store_path": "/nix/store/ldfwrs2fbb9hg5fka1j0ahh5cry30143-kubelogin-1.35.2"
        },
        "aarch64-linux": {
          "outputs": [
            {
              "name": "out",
              "path": "/nix/store/bzxgjw89fkjagl752nia2yixpj6z95rg-kubelogin-1.35.2",
              "default": true
            }
          ],
          "store_path": "/nix/store/bzxgjw89fkjagl752nia2yixpj6z95rg-kubelogin-1.35.2"
        },
        "x86_64-darwin": {
          "outputs": [
            {
              "name": "out",
              "path": "/nix/store/2yvn4fv03pjq96v6y425bf6fy7bzxbf3-kubelogin-1.35.2",
              "default": true
            }
          ],
          "store_path": "/nix/store/2yvn4fv03pjq96v6y425bf6fy7bzxbf3-kubelogin-1.35.2"
        },
        "x86_64-linux": {
          "outputs": [
            {
              "name": "out",
              "path": "/nix/store/16dfsnxwdb4pkicn39im0w5h55vj3clv-kubelogin-1.35.2",
              "default": true
            }
          ],
          "store_path": "/nix/store/16dfsnxwdb4pkicn39im0w5h55vj3clv-kubelogin-1.35.2"
        }
      }
    },
    "minikube@latest": {
      "last_modified": "2026-03-04T17:06:11Z",
      "resolved": "github:NixOS/nixpkgs/400de68cd101e8cfebffea121397683caf7f5a34#minikube",
      "source": "devbox-search",
      "version": "1.38.1",
      "systems": {
        "aarch64-darwin": {
          "outputs": [
            {
              "name": "out",
              "path": "/nix/store/li7qzs1fg6nq58p5jz3yk592d8r78s0g-minikube-1.38.1",
              "default": true
            }
          ],
          "store_path": "/nix/store/li7qzs1fg6nq58p5jz3yk592d8r78s0g-minikube-1.38.1"
        },
        "aarch64-linux": {
          "outputs": [
            {
              "name": "out",
              "path": "/nix/store/b2na18zg9bsd1jkbbjgpzyi8a1rckzh4-minikube-1.38.1",
              "default": true
            }
          ],
          "store_path": "/nix/store/b2na18zg9bsd1jkbbjgpzyi8a1rckzh4-minikube-1.38.1"
        },
        "x86_64-darwin": {
          "outputs": [
            {
              "name": "out",
              "path": "/nix/store/qp1nwzlxplzvma1bm8sw27s29km5njk7-minikube-1.38.1",
              "default": true
            }
          ],
          "store_path": "/nix/store/qp1nwzlxplzvma1bm8sw27s29km5njk7-minikube-1.38.1"
        },
        "x86_64-linux": {
          "outputs": [
            {
              "name": "out",
              "path": "/nix/store/qjjsca2f01mv2z6fc8bbpmdq2lsbf5ys-minikube-1.38.1",
              "default": true
            }
          ],
          "store_path": "/nix/store/qjjsca2f01mv2z6fc8bbpmdq2lsbf5ys-minikube-1.38.1"
        }
      }
    },
    "nushell@latest": {
      "last_modified": "2026-03-04T00:49:39Z",
      "resolved": "github:NixOS/nixpkgs/0fd2db475afdde93c9e4b1625aafb8eb41b99807#nushell",
      "source": "devbox-search",
      "version": "0.111.0",
      "systems": {
        "aarch64-darwin": {
          "outputs": [
            {
              "name": "out",
              "path": "/nix/store/nmdn4hy6mcb28a520g3g3vsmw7cfh8kf-nushell-0.111.0",
              "default": true
            }
          ],
          "store_path": "/nix/store/nmdn4hy6mcb28a520g3g3vsmw7cfh8kf-nushell-0.111.0"
        },
        "aarch64-linux": {
          "outputs": [
            {
              "name": "out",
              "path": "/nix/store/fc5xvdr70x3x9975alm689xafx12vk2l-nushell-0.111.0",
              "default": true
            }
          ],
          "store_path": "/nix/store/fc5xvdr70x3x9975alm689xafx12vk2l-nushell-0.111.0"
        },
        "x86_64-darwin": {
          "outputs": [
            {
              "name": "out",
              "path": "/nix/store/j8kl2886z933yn0m2vr10lvr8p7cvs0l-nushell-0.111.0",
              "default": true
            }
          ],
          "store_path": "/nix/store/j8kl2886z933yn0m2vr10lvr8p7cvs0l-nushell-0.111.0"
        },
        "x86_64-linux": {
          "outputs": [
            {
              "name": "out",
              "path": "/nix/store/b3r10nya4yhvk7ms71qpww6j7mjqrnda-nushell-0.111.0",
              "default": true
            }
          ],
          "store_path": "/nix/store/b3r10nya4yhvk7ms71qpww6j7mjqrnda-nushell-0.111.0"
        }
      }
    },
    "omnictl@latest": {
      "last_modified": "2026-02-27T06:27:13Z",
      "resolved": "github:NixOS/nixpkgs/c0f3d81a7ddbc2b1332be0d8481a672b4f6004d6#omnictl",
      "source": "devbox-search",
      "version": "1.5.7",
      "systems": {
        "aarch64-darwin": {
          "outputs": [
            {
              "name": "out",
              "path": "/nix/store/dh50hgnmif889f6p2q4j9jin46g9dakc-omnictl-1.5.7",
              "default": true
            }
          ],
          "store_path": "/nix/store/dh50hgnmif889f6p2q4j9jin46g9dakc-omnictl-1.5.7"
        },
        "aarch64-linux": {
          "outputs": [
            {
              "name": "out",
              "path": "/nix/store/1h2w0pf952nyb2l5vyh5w68k4kpav3z5-omnictl-1.5.7",
              "default": true
            }
          ],
          "store_path": "/nix/store/1h2w0pf952nyb2l5vyh5w68k4kpav3z5-omnictl-1.5.7"
        },
        "x86_64-darwin": {
          "outputs": [
            {
              "name": "out",
              "path": "/nix/store/1r7zg0ja7qr02k05gngpf8kf99zs3hwp-omnictl-1.5.7",
              "default": true
            }
          ],
          "store_path": "/nix/store/1r7zg0ja7qr02k05gngpf8kf99zs3hwp-omnictl-1.5.7"
        },
        "x86_64-linux": {
          "outputs": [
            {
              "name": "out",
              "path": "/nix/store/cw6jdk2mmvmzsijxzr809cc0g65s29y9-omnictl-1.5.7",
              "default": true
            }
          ],
          "store_path": "/nix/store/cw6jdk2mmvmzsijxzr809cc0g65s29y9-omnictl-1.5.7"
        }
      }
    },
    "starship@latest": {
      "last_modified": "2026-02-23T15:40:43Z",
      "resolved": "github:NixOS/nixpkgs/80d901ec0377e19ac3f7bb8c035201e2e098cc97#starship",
      "source": "devbox-search",
      "version": "1.24.2",
      "systems": {
        "aarch64-darwin": {
          "outputs": [
            {
              "name": "out",
              "path": "/nix/store/r4xwjdxc72fx9y5qy2hwwax18a5wmq2w-starship-1.24.2",
              "default": true
            }
          ],
          "store_path": "/nix/store/r4xwjdxc72fx9y5qy2hwwax18a5wmq2w-starship-1.24.2"
        },
        "aarch64-linux": {
          "outputs": [
            {
              "name": "out",
              "path": "/nix/store/zqhbxpgfyrv8b81zlll7q7abl04m5vq4-starship-1.24.2",
              "default": true
            }
          ],
          "store_path": "/nix/store/zqhbxpgfyrv8b81zlll7q7abl04m5vq4-starship-1.24.2"
        },
        "x86_64-darwin": {
          "outputs": [
            {
              "name": "out",
              "path": "/nix/store/22bilp04wrx0frm24rnqqjy0dxwhqasj-starship-1.24.2",
              "default": true
            }
          ],
          "store_path": "/nix/store/22bilp04wrx0frm24rnqqjy0dxwhqasj-starship-1.24.2"
        },
        "x86_64-linux": {
          "outputs": [
            {
              "name": "out",
              "path": "/nix/store/s3fniw0gqhh5vl9w3v8yj5bd0hqi5nj2-starship-1.24.2",
              "default": true
            }
          ],
          "store_path": "/nix/store/s3fniw0gqhh5vl9w3v8yj5bd0hqi5nj2-starship-1.24.2"
        }
      }
    },
    "talosctl@latest": {
      "last_modified": "2026-02-23T15:40:43Z",
      "resolved": "github:NixOS/nixpkgs/80d901ec0377e19ac3f7bb8c035201e2e098cc97#talosctl",
      "source": "devbox-search",
      "version": "1.12.3",
      "systems": {
        "aarch64-darwin": {
          "outputs": [
            {
              "name": "out",
              "path": "/nix/store/n2d329xc0zzh3f201qgb566cvqwdhm47-talosctl-1.12.3",
              "default": true
            }
          ],
          "store_path": "/nix/store/n2d329xc0zzh3f201qgb566cvqwdhm47-talosctl-1.12.3"
        },
        "aarch64-linux": {
          "outputs": [
            {
              "name": "out",
              "path": "/nix/store/qk0j5lh8j5wla030n8c5r8w6aindljch-talosctl-1.12.3",
              "default": true
            }
          ],
          "store_path": "/nix/store/qk0j5lh8j5wla030n8c5r8w6aindljch-talosctl-1.12.3"
        },
        "x86_64-darwin": {
          "outputs": [
            {
              "name": "out",
              "path": "/nix/store/vyri75qw41wqm05mhgaf7cy5c93l6mgf-talosctl-1.12.3",
              "default": true
            }
          ],
          "store_path": "/nix/store/vyri75qw41wqm05mhgaf7cy5c93l6mgf-talosctl-1.12.3"
        },
        "x86_64-linux": {
          "outputs": [
            {
              "name": "out",
              "path": "/nix/store/jyy65mgwxrlhlp5gb6gi15h4skzxvclq-talosctl-1.12.3",
              "default": true
            }
          ],
          "store_path": "/nix/store/jyy65mgwxrlhlp5gb6gi15h4skzxvclq-talosctl-1.12.3"
        }
      }
    },
    "vault@1.15.4": {
      "last_modified": "2024-01-27T14:55:31Z",
      "resolved": "github:NixOS/nixpkgs/160b762eda6d139ac10ae081f8f78d640dd523eb#vault",
      "source": "devbox-search",
      "version": "1.15.4",
      "systems": {
        "aarch64-darwin": {
          "outputs": [
            {
              "name": "out",
              "path": "/nix/store/srig5h1nxb0yc6pkaxx7b5fnxaqjdndd-vault-1.15.4",
              "default": true
            }
          ],
          "store_path": "/nix/store/srig5h1nxb0yc6pkaxx7b5fnxaqjdndd-vault-1.15.4"
        },
        "aarch64-linux": {
          "outputs": [
            {
              "name": "out",
              "path": "/nix/store/75z8hvs1xy8d2qrldrav162ippdvbbrp-vault-1.15.4",
              "default": true
            }
          ],
          "store_path": "/nix/store/75z8hvs1xy8d2qrldrav162ippdvbbrp-vault-1.15.4"
        },
        "x86_64-darwin": {
          "outputs": [
            {
              "name": "out",
              "path": "/nix/store/02vm2ba7yl7dks460bxjnp8fid9q24sj-vault-1.15.4",
              "default": true
            }
          ],
          "store_path": "/nix/store/02vm2ba7yl7dks460bxjnp8fid9q24sj-vault-1.15.4"
        },
        "x86_64-linux": {
          "outputs": [
            {
              "name": "out",
              "path": "/nix/store/rvajj9srk3f36rdhxg919yyd609jnh4h-vault-1.15.4",
              "default": true
            }
          ],
          "store_path": "/nix/store/rvajj9srk3f36rdhxg919yyd609jnh4h-vault-1.15.4"
        }
      }
    }
  }
}
