{
  "lockfile_version": "1",
  "packages": {
    "fluxcd@latest": {
      "last_modified": "2024-12-23T21:10:33Z",
      "resolved": "github:NixOS/nixpkgs/de1864217bfa9b5845f465e771e0ecb48b30e02d#fluxcd",
      "source": "devbox-search",
      "version": "2.4.0",
      "systems": {
        "aarch64-darwin": {
          "outputs": [
            {
              "name": "out",
              "path": "/nix/store/fjipzlnypw8wwfb5g64npqhcxi1r1d9n-fluxcd-2.4.0",
              "default": true
            }
          ],
          "store_path": "/nix/store/fjipzlnypw8wwfb5g64npqhcxi1r1d9n-fluxcd-2.4.0"
        },
        "aarch64-linux": {
          "outputs": [
            {
              "name": "out",
              "path": "/nix/store/nyh3hr86il3q4yhva03gkk88lf37qdzx-fluxcd-2.4.0",
              "default": true
            }
          ],
          "store_path": "/nix/store/nyh3hr86il3q4yhva03gkk88lf37qdzx-fluxcd-2.4.0"
        },
        "x86_64-darwin": {
          "outputs": [
            {
              "name": "out",
              "path": "/nix/store/s5dg10yrp61g2lh80sdgzydpspld192x-fluxcd-2.4.0",
              "default": true
            }
          ],
          "store_path": "/nix/store/s5dg10yrp61g2lh80sdgzydpspld192x-fluxcd-2.4.0"
        },
        "x86_64-linux": {
          "outputs": [
            {
              "name": "out",
              "path": "/nix/store/fgh5vngjmdqw0lya575ayjpqd0qmiag0-fluxcd-2.4.0",
              "default": true
            }
          ],
          "store_path": "/nix/store/fgh5vngjmdqw0lya575ayjpqd0qmiag0-fluxcd-2.4.0"
        }
      }
    },
    "gh@latest": {
      "last_modified": "2025-01-07T09:15:50Z",
      "resolved": "github:NixOS/nixpkgs/8c9fd3e564728e90829ee7dbac6edc972971cd0f#gh",
      "source": "devbox-search",
      "version": "2.65.0",
      "systems": {
        "aarch64-darwin": {
          "outputs": [
            {
              "name": "out",
              "path": "/nix/store/i7c3cxs55v3bbrnx8njarpmh7hqf8j0g-gh-2.65.0",
              "default": true
            }
          ],
          "store_path": "/nix/store/i7c3cxs55v3bbrnx8njarpmh7hqf8j0g-gh-2.65.0"
        },
        "aarch64-linux": {
          "outputs": [
            {
              "name": "out",
              "path": "/nix/store/vfidcgqi2l5vqs9dm0ygjbprjjg31m1m-gh-2.65.0",
              "default": true
            }
          ],
          "store_path": "/nix/store/vfidcgqi2l5vqs9dm0ygjbprjjg31m1m-gh-2.65.0"
        },
        "x86_64-darwin": {
          "outputs": [
            {
              "name": "out",
              "path": "/nix/store/10pcvlswasd1wzmb58fil8q77vq9b8g3-gh-2.65.0",
              "default": true
            }
          ],
          "store_path": "/nix/store/10pcvlswasd1wzmb58fil8q77vq9b8g3-gh-2.65.0"
        },
        "x86_64-linux": {
          "outputs": [
            {
              "name": "out",
              "path": "/nix/store/gicqc89lkcpinrjls3mz7b3p6bbjy99j-gh-2.65.0",
              "default": true
            }
          ],
          "store_path": "/nix/store/gicqc89lkcpinrjls3mz7b3p6bbjy99j-gh-2.65.0"
        }
      }
    },
    "git@latest": {
      "last_modified": "2025-01-17T10:46:57Z",
      "resolved": "github:NixOS/nixpkgs/041c867bad68dfe34b78b2813028a2e2ea70a23c#git",
      "source": "devbox-search",
      "version": "2.47.0",
      "systems": {
        "aarch64-darwin": {
          "outputs": [
            {
              "name": "out",
              "path": "/nix/store/bi58hj6aqbswrwngsdzszzdf35vzsl36-git-2.47.0",
              "default": true
            },
            {
              "name": "doc",
              "path": "/nix/store/ilmzpslj8yvf5krdyz7bj08wjf03pxvj-git-2.47.0-doc"
            }
          ],
          "store_path": "/nix/store/bi58hj6aqbswrwngsdzszzdf35vzsl36-git-2.47.0"
        },
        "aarch64-linux": {
          "outputs": [
            {
              "name": "out",
              "path": "/nix/store/861v7354sw64ydk43jwdswwkqkf0dhq2-git-2.47.0",
              "default": true
            },
            {
              "name": "debug",
              "path": "/nix/store/cyfh5sk108g0yhif2ppxw3xyrbz9cc5k-git-2.47.0-debug"
            },
            {
              "name": "doc",
              "path": "/nix/store/4rj9xhq42v2b7nxf77xlkqbd20jzby0i-git-2.47.0-doc"
            }
          ],
          "store_path": "/nix/store/861v7354sw64ydk43jwdswwkqkf0dhq2-git-2.47.0"
        },
        "x86_64-darwin": {
          "outputs": [
            {
              "name": "out",
              "path": "/nix/store/v283088hdcppiswvqslgfspxwnq4ldz3-git-2.47.0",
              "default": true
            },
            {
              "name": "doc",
              "path": "/nix/store/i5rw1f8xv1sp13lcsxq0bkswn600lcmx-git-2.47.0-doc"
            }
          ],
          "store_path": "/nix/store/v283088hdcppiswvqslgfspxwnq4ldz3-git-2.47.0"
        },
        "x86_64-linux": {
          "outputs": [
            {
              "name": "out",
              "path": "/nix/store/iwq58rpn6idjnxbnyjh351776qzvsd0r-git-2.47.0",
              "default": true
            },
            {
              "name": "debug",
              "path": "/nix/store/1s38v03xh8d88b1wm8iwpkrpy6cf3ydq-git-2.47.0-debug"
            },
            {
              "name": "doc",
              "path": "/nix/store/kn855hkv6yda9wi7g48lxwgplijqijb9-git-2.47.0-doc"
            }
          ],
          "store_path": "/nix/store/iwq58rpn6idjnxbnyjh351776qzvsd0r-git-2.47.0"
        }
      }
    },
    "k9s@latest": {
      "last_modified": "2024-12-23T21:10:33Z",
      "resolved": "github:NixOS/nixpkgs/de1864217bfa9b5845f465e771e0ecb48b30e02d#k9s",
      "source": "devbox-search",
      "version": "0.32.7",
      "systems": {
        "aarch64-darwin": {
          "outputs": [
            {
              "name": "out",
              "path": "/nix/store/j34ib6fncah841fs9f735jydwl9mgrcq-k9s-0.32.7",
              "default": true
            }
          ],
          "store_path": "/nix/store/j34ib6fncah841fs9f735jydwl9mgrcq-k9s-0.32.7"
        },
        "aarch64-linux": {
          "outputs": [
            {
              "name": "out",
              "path": "/nix/store/0dzcr6jpjyr94rvc05lvpyh3aq0ispbw-k9s-0.32.7",
              "default": true
            }
          ],
          "store_path": "/nix/store/0dzcr6jpjyr94rvc05lvpyh3aq0ispbw-k9s-0.32.7"
        },
        "x86_64-darwin": {
          "outputs": [
            {
              "name": "out",
              "path": "/nix/store/fnxpjszlgh4g25jl96xxcm0wxd0n7h0i-k9s-0.32.7",
              "default": true
            }
          ],
          "store_path": "/nix/store/fnxpjszlgh4g25jl96xxcm0wxd0n7h0i-k9s-0.32.7"
        },
        "x86_64-linux": {
          "outputs": [
            {
              "name": "out",
              "path": "/nix/store/acfv4993hw202l9zrrmgrjf3bk7imaym-k9s-0.32.7",
              "default": true
            }
          ],
          "store_path": "/nix/store/acfv4993hw202l9zrrmgrjf3bk7imaym-k9s-0.32.7"
        }
      }
    },
    "kind@latest": {
      "last_modified": "2024-12-26T01:25:00Z",
      "resolved": "github:NixOS/nixpkgs/16e046229f3b4f53257973a5532bcbb72457d2f2#kind",
      "source": "devbox-search",
      "version": "0.26.0",
      "systems": {
        "aarch64-darwin": {
          "outputs": [
            {
              "name": "out",
              "path": "/nix/store/hhxm3h93l4lqlnfapp7ph9wyk8bvk8mn-kind-0.26.0",
              "default": true
            }
          ],
          "store_path": "/nix/store/hhxm3h93l4lqlnfapp7ph9wyk8bvk8mn-kind-0.26.0"
        },
        "aarch64-linux": {
          "outputs": [
            {
              "name": "out",
              "path": "/nix/store/v9npawa3zwd9cz71h3s55hrhn5hn2fwy-kind-0.26.0",
              "default": true
            }
          ],
          "store_path": "/nix/store/v9npawa3zwd9cz71h3s55hrhn5hn2fwy-kind-0.26.0"
        },
        "x86_64-darwin": {
          "outputs": [
            {
              "name": "out",
              "path": "/nix/store/hmpsrwyadikzw7hm5agv27nag8sg91rm-kind-0.26.0",
              "default": true
            }
          ],
          "store_path": "/nix/store/hmpsrwyadikzw7hm5agv27nag8sg91rm-kind-0.26.0"
        },
        "x86_64-linux": {
          "outputs": [
            {
              "name": "out",
              "path": "/nix/store/dz1qn5pgy14cb8v88dgi38j70lfbb2q4-kind-0.26.0",
              "default": true
            }
          ],
          "store_path": "/nix/store/dz1qn5pgy14cb8v88dgi38j70lfbb2q4-kind-0.26.0"
        }
      }
    },
    "kubectl@latest": {
      "last_modified": "2025-01-14T19:01:50Z",
      "resolved": "github:NixOS/nixpkgs/733994ea06585b76621073160e87b0bfac7fc5ae#kubectl",
      "source": "devbox-search",
      "version": "1.32.0",
      "systems": {
        "aarch64-darwin": {
          "outputs": [
            {
              "name": "out",
              "path": "/nix/store/qgxy10s834jakqjgg6ga6xbc7x5rajzc-kubectl-1.32.0",
              "default": true
            },
            {
              "name": "man",
              "path": "/nix/store/s3ha1cd7rflkgs5d513p917h8vj027gx-kubectl-1.32.0-man",
              "default": true
            },
            {
              "name": "convert",
              "path": "/nix/store/0cwwpgglwf2cij6qyyd1krgavfhnhqaj-kubectl-1.32.0-convert"
            }
          ],
          "store_path": "/nix/store/qgxy10s834jakqjgg6ga6xbc7x5rajzc-kubectl-1.32.0"
        },
        "aarch64-linux": {
          "outputs": [
            {
              "name": "out",
              "path": "/nix/store/ffy4i3cpbk5lafri7b32y7j0siad64li-kubectl-1.32.0",
              "default": true
            },
            {
              "name": "man",
              "path": "/nix/store/i89pic6i7rmjp0aa0vjksv4qhfz7gv5f-kubectl-1.32.0-man",
              "default": true
            },
            {
              "name": "convert",
              "path": "/nix/store/68psqc7xjwvrma9cyvqvhc3f9dkjzxzd-kubectl-1.32.0-convert"
            }
          ],
          "store_path": "/nix/store/ffy4i3cpbk5lafri7b32y7j0siad64li-kubectl-1.32.0"
        },
        "x86_64-darwin": {
          "outputs": [
            {
              "name": "out",
              "path": "/nix/store/8p49qx0iy2ds2irxnd6q4k5bj0xvj2ia-kubectl-1.32.0",
              "default": true
            },
            {
              "name": "man",
              "path": "/nix/store/ip3wc7x7f17fzn0130jld578nykkqqly-kubectl-1.32.0-man",
              "default": true
            },
            {
              "name": "convert",
              "path": "/nix/store/27dbhbq7zzpas2shar9zl688hhsrppbh-kubectl-1.32.0-convert"
            }
          ],
          "store_path": "/nix/store/8p49qx0iy2ds2irxnd6q4k5bj0xvj2ia-kubectl-1.32.0"
        },
        "x86_64-linux": {
          "outputs": [
            {
              "name": "out",
              "path": "/nix/store/qfyghw387ap8rrs65s7p33r48sn33wyr-kubectl-1.32.0",
              "default": true
            },
            {
              "name": "man",
              "path": "/nix/store/lpm6gmzgc1p1bpbdaw8s8lg42jzjfqfn-kubectl-1.32.0-man",
              "default": true
            },
            {
              "name": "convert",
              "path": "/nix/store/pqsbdbyli94j8x7nyf23rnc1d89a2lcd-kubectl-1.32.0-convert"
            }
          ],
          "store_path": "/nix/store/qfyghw387ap8rrs65s7p33r48sn33wyr-kubectl-1.32.0"
        }
      }
    },
    "minikube@latest": {
      "last_modified": "2025-01-13T08:04:02Z",
      "resolved": "github:NixOS/nixpkgs/ef56e777fedaa4da8c66a150081523c5de1e0171#minikube",
      "source": "devbox-search",
      "version": "1.34.0",
      "systems": {
        "aarch64-darwin": {
          "outputs": [
            {
              "name": "out",
              "path": "/nix/store/l8dafla6l5jindwz1sn03pdhwdd283dc-minikube-1.34.0",
              "default": true
            }
          ],
          "store_path": "/nix/store/l8dafla6l5jindwz1sn03pdhwdd283dc-minikube-1.34.0"
        },
        "aarch64-linux": {
          "outputs": [
            {
              "name": "out",
              "path": "/nix/store/b0z5l6xycz452h3yz3p9q4xii8w2l1cb-minikube-1.34.0",
              "default": true
            }
          ],
          "store_path": "/nix/store/b0z5l6xycz452h3yz3p9q4xii8w2l1cb-minikube-1.34.0"
        },
        "x86_64-darwin": {
          "outputs": [
            {
              "name": "out",
              "path": "/nix/store/mwmxpln6r6wdhmzhkqd8cx994l1ygvss-minikube-1.34.0",
              "default": true
            }
          ],
          "store_path": "/nix/store/mwmxpln6r6wdhmzhkqd8cx994l1ygvss-minikube-1.34.0"
        },
        "x86_64-linux": {
          "outputs": [
            {
              "name": "out",
              "path": "/nix/store/lhwaira9lviysnyllsz0b664a3b0bxly-minikube-1.34.0",
              "default": true
            }
          ],
          "store_path": "/nix/store/lhwaira9lviysnyllsz0b664a3b0bxly-minikube-1.34.0"
        }
      }
    },
    "nushell@latest": {
      "last_modified": "2024-12-26T01:25:00Z",
      "resolved": "github:NixOS/nixpkgs/16e046229f3b4f53257973a5532bcbb72457d2f2#nushell",
      "source": "devbox-search",
      "version": "0.101.0",
      "systems": {
        "aarch64-darwin": {
          "outputs": [
            {
              "name": "out",
              "path": "/nix/store/gjgck7ays80f1fkhwc4ny5jwcdpi093h-nushell-0.101.0",
              "default": true
            }
          ],
          "store_path": "/nix/store/gjgck7ays80f1fkhwc4ny5jwcdpi093h-nushell-0.101.0"
        },
        "aarch64-linux": {
          "outputs": [
            {
              "name": "out",
              "path": "/nix/store/ciymw62irm1ny3cd3m9px72l7l8myrqh-nushell-0.101.0",
              "default": true
            }
          ],
          "store_path": "/nix/store/ciymw62irm1ny3cd3m9px72l7l8myrqh-nushell-0.101.0"
        },
        "x86_64-darwin": {
          "outputs": [
            {
              "name": "out",
              "path": "/nix/store/z0f7kgp7pl3iyzdqns8gk084g6dchkvj-nushell-0.101.0",
              "default": true
            }
          ],
          "store_path": "/nix/store/z0f7kgp7pl3iyzdqns8gk084g6dchkvj-nushell-0.101.0"
        },
        "x86_64-linux": {
          "outputs": [
            {
              "name": "out",
              "path": "/nix/store/sbkllymdppc0fkv6c6qhw81194xzvmkd-nushell-0.101.0",
              "default": true
            }
          ],
          "store_path": "/nix/store/sbkllymdppc0fkv6c6qhw81194xzvmkd-nushell-0.101.0"
        }
      }
    },
    "starship@latest": {
      "last_modified": "2025-01-14T01:21:38Z",
      "resolved": "github:NixOS/nixpkgs/2b1fca3296ddd1602d2c4f104a4050e006f4b0cb#starship",
      "source": "devbox-search",
      "version": "1.22.1",
      "systems": {
        "aarch64-darwin": {
          "outputs": [
            {
              "name": "out",
              "path": "/nix/store/kn1i2lfgd10rxri0qc51dbhijbpm70zg-starship-1.22.1",
              "default": true
            }
          ],
          "store_path": "/nix/store/kn1i2lfgd10rxri0qc51dbhijbpm70zg-starship-1.22.1"
        },
        "aarch64-linux": {
          "outputs": [
            {
              "name": "out",
              "path": "/nix/store/q5i6325gz15n7fpc952241qj6wf6sskg-starship-1.22.1",
              "default": true
            }
          ],
          "store_path": "/nix/store/q5i6325gz15n7fpc952241qj6wf6sskg-starship-1.22.1"
        },
        "x86_64-darwin": {
          "outputs": [
            {
              "name": "out",
              "path": "/nix/store/csi6x3xrzsv8j1924csbcfiwplnfwvzn-starship-1.22.1",
              "default": true
            }
          ],
          "store_path": "/nix/store/csi6x3xrzsv8j1924csbcfiwplnfwvzn-starship-1.22.1"
        },
        "x86_64-linux": {
          "outputs": [
            {
              "name": "out",
              "path": "/nix/store/narp4bpmfdai5iqqwk07zz3mdf1gp56m-starship-1.22.1",
              "default": true
            }
          ],
          "store_path": "/nix/store/narp4bpmfdai5iqqwk07zz3mdf1gp56m-starship-1.22.1"
        }
      }
    }
  }
}
